// !$*UTF8*$!
{
	archiveVersion = 1;
	classes = {
	};
	objectVersion = 50;
	objects = {

/* Begin PBXBuildFile section */
		865F307C24A7582700015472 /* AppDelegate.swift in Sources */ = {isa = PBXBuildFile; fileRef = 865F307B24A7582700015472 /* AppDelegate.swift */; };
		865F307E24A7582700015472 /* SceneDelegate.swift in Sources */ = {isa = PBXBuildFile; fileRef = 865F307D24A7582700015472 /* SceneDelegate.swift */; };
		865F308324A7582700015472 /* Main.storyboard in Resources */ = {isa = PBXBuildFile; fileRef = 865F308124A7582700015472 /* Main.storyboard */; };
		865F308524A7582800015472 /* Assets.xcassets in Resources */ = {isa = PBXBuildFile; fileRef = 865F308424A7582800015472 /* Assets.xcassets */; };
		865F308824A7582800015472 /* LaunchScreen.storyboard in Resources */ = {isa = PBXBuildFile; fileRef = 865F308624A7582800015472 /* LaunchScreen.storyboard */; };
		865F309024A75A8B00015472 /* MainTableViewController.swift in Sources */ = {isa = PBXBuildFile; fileRef = 865F308F24A75A8B00015472 /* MainTableViewController.swift */; };
		865F309224A75FDE00015472 /* MainTableViewCell.swift in Sources */ = {isa = PBXBuildFile; fileRef = 865F309124A75FDE00015472 /* MainTableViewCell.swift */; };
		865F309424A7600500015472 /* DetailViewController.swift in Sources */ = {isa = PBXBuildFile; fileRef = 865F309324A7600400015472 /* DetailViewController.swift */; };
		865F309624A766AC00015472 /* NetworkManager.swift in Sources */ = {isa = PBXBuildFile; fileRef = 865F309524A766AC00015472 /* NetworkManager.swift */; };
		869B1C4C24A7CAC200FFA830 /* Video.swift in Sources */ = {isa = PBXBuildFile; fileRef = 869B1C4B24A7CAC200FFA830 /* Video.swift */; };
		86C414A924A9FE6900D20986 /* WebKit.framework in Frameworks */ = {isa = PBXBuildFile; fileRef = 86C414A824A9FE6900D20986 /* WebKit.framework */; };
		86C414AB24AA148300D20986 /* SearchList.swift in Sources */ = {isa = PBXBuildFile; fileRef = 86C414AA24AA148300D20986 /* SearchList.swift */; };
/* End PBXBuildFile section */

/* Begin PBXFileReference section */
		865F307824A7582700015472 /* YoutubeClient.app */ = {isa = PBXFileReference; explicitFileType = wrapper.application; includeInIndex = 0; path = YoutubeClient.app; sourceTree = BUILT_PRODUCTS_DIR; };
		865F307B24A7582700015472 /* AppDelegate.swift */ = {isa = PBXFileReference; lastKnownFileType = sourcecode.swift; path = AppDelegate.swift; sourceTree = "<group>"; };
		865F307D24A7582700015472 /* SceneDelegate.swift */ = {isa = PBXFileReference; lastKnownFileType = sourcecode.swift; path = SceneDelegate.swift; sourceTree = "<group>"; };
		865F308224A7582700015472 /* Base */ = {isa = PBXFileReference; lastKnownFileType = file.storyboard; name = Base; path = Base.lproj/Main.storyboard; sourceTree = "<group>"; };
		865F308424A7582800015472 /* Assets.xcassets */ = {isa = PBXFileReference; lastKnownFileType = folder.assetcatalog; path = Assets.xcassets; sourceTree = "<group>"; };
		865F308724A7582800015472 /* Base */ = {isa = PBXFileReference; lastKnownFileType = file.storyboard; name = Base; path = Base.lproj/LaunchScreen.storyboard; sourceTree = "<group>"; };
		865F308924A7582800015472 /* Info.plist */ = {isa = PBXFileReference; lastKnownFileType = text.plist.xml; path = Info.plist; sourceTree = "<group>"; };
		865F308F24A75A8B00015472 /* MainTableViewController.swift */ = {isa = PBXFileReference; lastKnownFileType = sourcecode.swift; path = MainTableViewController.swift; sourceTree = "<group>"; };
		865F309124A75FDE00015472 /* MainTableViewCell.swift */ = {isa = PBXFileReference; lastKnownFileType = sourcecode.swift; path = MainTableViewCell.swift; sourceTree = "<group>"; };
		865F309324A7600400015472 /* DetailViewController.swift */ = {isa = PBXFileReference; lastKnownFileType = sourcecode.swift; path = DetailViewController.swift; sourceTree = "<group>"; };
		865F309524A766AC00015472 /* NetworkManager.swift */ = {isa = PBXFileReference; lastKnownFileType = sourcecode.swift; path = NetworkManager.swift; sourceTree = "<group>"; };
		869B1C4B24A7CAC200FFA830 /* Video.swift */ = {isa = PBXFileReference; lastKnownFileType = sourcecode.swift; path = Video.swift; sourceTree = "<group>"; };
		86C414A824A9FE6900D20986 /* WebKit.framework */ = {isa = PBXFileReference; lastKnownFileType = wrapper.framework; name = WebKit.framework; path = System/Library/Frameworks/WebKit.framework; sourceTree = SDKROOT; };
		86C414AA24AA148300D20986 /* SearchList.swift */ = {isa = PBXFileReference; lastKnownFileType = sourcecode.swift; path = SearchList.swift; sourceTree = "<group>"; };
/* End PBXFileReference section */

/* Begin PBXFrameworksBuildPhase section */
		865F307524A7582700015472 /* Frameworks */ = {
			isa = PBXFrameworksBuildPhase;
			buildActionMask = 2147483647;
			files = (
				86C414A924A9FE6900D20986 /* WebKit.framework in Frameworks */,
			);
			runOnlyForDeploymentPostprocessing = 0;
		};
/* End PBXFrameworksBuildPhase section */

/* Begin PBXGroup section */
		865F306F24A7582700015472 = {
			isa = PBXGroup;
			children = (
				865F307A24A7582700015472 /* YoutubeClient */,
				865F307924A7582700015472 /* Products */,
				86C414A724A9FE6900D20986 /* Frameworks */,
			);
			sourceTree = "<group>";
		};
		865F307924A7582700015472 /* Products */ = {
			isa = PBXGroup;
			children = (
				865F307824A7582700015472 /* YoutubeClient.app */,
			);
			name = Products;
			sourceTree = "<group>";
		};
		865F307A24A7582700015472 /* YoutubeClient */ = {
			isa = PBXGroup;
			children = (
				86DDB2A024AA4220002901AB /* SupportingFiles */,
				86DDB29C24AA41DC002901AB /* Managers */,
				86DDB29B24AA41CA002901AB /* ViewControllers */,
				86DDB29D24AA41EC002901AB /* Models */,
				86DDB29E24AA41FB002901AB /* Storyboards */,
				86DDB29F24AA4209002901AB /* Sources */,
			);
			path = YoutubeClient;
			sourceTree = "<group>";
		};
		86C414A724A9FE6900D20986 /* Frameworks */ = {
			isa = PBXGroup;
			children = (
				86C414A824A9FE6900D20986 /* WebKit.framework */,
			);
			name = Frameworks;
			sourceTree = "<group>";
		};
		86DDB29B24AA41CA002901AB /* ViewControllers */ = {
			isa = PBXGroup;
			children = (
				865F308F24A75A8B00015472 /* MainTableViewController.swift */,
				865F309124A75FDE00015472 /* MainTableViewCell.swift */,
				865F309324A7600400015472 /* DetailViewController.swift */,
			);
			path = ViewControllers;
			sourceTree = "<group>";
		};
		86DDB29C24AA41DC002901AB /* Managers */ = {
			isa = PBXGroup;
			children = (
				865F309524A766AC00015472 /* NetworkManager.swift */,
			);
			path = Managers;
			sourceTree = "<group>";
		};
		86DDB29D24AA41EC002901AB /* Models */ = {
			isa = PBXGroup;
			children = (
				86C414AA24AA148300D20986 /* SearchList.swift */,
				869B1C4B24A7CAC200FFA830 /* Video.swift */,
			);
			path = Models;
			sourceTree = "<group>";
		};
		86DDB29E24AA41FB002901AB /* Storyboards */ = {
			isa = PBXGroup;
			children = (
				865F308124A7582700015472 /* Main.storyboard */,
				865F308624A7582800015472 /* LaunchScreen.storyboard */,
			);
			path = Storyboards;
			sourceTree = "<group>";
		};
		86DDB29F24AA4209002901AB /* Sources */ = {
			isa = PBXGroup;
			children = (
				865F308424A7582800015472 /* Assets.xcassets */,
			);
			path = Sources;
			sourceTree = "<group>";
		};
		86DDB2A024AA4220002901AB /* SupportingFiles */ = {
			isa = PBXGroup;
			children = (
				865F307B24A7582700015472 /* AppDelegate.swift */,
				865F307D24A7582700015472 /* SceneDelegate.swift */,
				865F308924A7582800015472 /* Info.plist */,
			);
			path = SupportingFiles;
			sourceTree = "<group>";
		};
/* End PBXGroup section */

/* Begin PBXNativeTarget section */
		865F307724A7582700015472 /* YoutubeClient */ = {
			isa = PBXNativeTarget;
			buildConfigurationList = 865F308C24A7582800015472 /* Build configuration list for PBXNativeTarget "YoutubeClient" */;
			buildPhases = (
				865F307424A7582700015472 /* Sources */,
				865F307524A7582700015472 /* Frameworks */,
				865F307624A7582700015472 /* Resources */,
			);
			buildRules = (
			);
			dependencies = (
			);
			name = YoutubeClient;
			productName = YoutubeClient;
			productReference = 865F307824A7582700015472 /* YoutubeClient.app */;
			productType = "com.apple.product-type.application";
		};
/* End PBXNativeTarget section */

/* Begin PBXProject section */
		865F307024A7582700015472 /* Project object */ = {
			isa = PBXProject;
			attributes = {
				LastSwiftUpdateCheck = 1150;
				LastUpgradeCheck = 1150;
				ORGANIZATIONNAME = "Vladislav Cheremisov";
				TargetAttributes = {
					865F307724A7582700015472 = {
						CreatedOnToolsVersion = 11.5;
					};
				};
			};
			buildConfigurationList = 865F307324A7582700015472 /* Build configuration list for PBXProject "YoutubeClient" */;
			compatibilityVersion = "Xcode 9.3";
			developmentRegion = en;
			hasScannedForEncodings = 0;
			knownRegions = (
				en,
				Base,
			);
			mainGroup = 865F306F24A7582700015472;
			productRefGroup = 865F307924A7582700015472 /* Products */;
			projectDirPath = "";
			projectRoot = "";
			targets = (
				865F307724A7582700015472 /* YoutubeClient */,
			);
		};
/* End PBXProject section */

/* Begin PBXResourcesBuildPhase section */
		865F307624A7582700015472 /* Resources */ = {
			isa = PBXResourcesBuildPhase;
			buildActionMask = 2147483647;
			files = (
				865F308824A7582800015472 /* LaunchScreen.storyboard in Resources */,
				865F308524A7582800015472 /* Assets.xcassets in Resources */,
				865F308324A7582700015472 /* Main.storyboard in Resources */,
			);
			runOnlyForDeploymentPostprocessing = 0;
		};
/* End PBXResourcesBuildPhase section */

/* Begin PBXSourcesBuildPhase section */
		865F307424A7582700015472 /* Sources */ = {
			isa = PBXSourcesBuildPhase;
			buildActionMask = 2147483647;
			files = (
				865F307C24A7582700015472 /* AppDelegate.swift in Sources */,
				865F309024A75A8B00015472 /* MainTableViewController.swift in Sources */,
				865F309424A7600500015472 /* DetailViewController.swift in Sources */,
				865F309224A75FDE00015472 /* MainTableViewCell.swift in Sources */,
				865F309624A766AC00015472 /* NetworkManager.swift in Sources */,
				86C414AB24AA148300D20986 /* SearchList.swift in Sources */,
				869B1C4C24A7CAC200FFA830 /* Video.swift in Sources */,
				865F307E24A7582700015472 /* SceneDelegate.swift in Sources */,
			);
			runOnlyForDeploymentPostprocessing = 0;
		};
/* End PBXSourcesBuildPhase section */

/* Begin PBXVariantGroup section */
		865F308124A7582700015472 /* Main.storyboard */ = {
			isa = PBXVariantGroup;
			children = (
				865F308224A7582700015472 /* Base */,
			);
			name = Main.storyboard;
			sourceTree = "<group>";
		};
		865F308624A7582800015472 /* LaunchScreen.storyboard */ = {
			isa = PBXVariantGroup;
			children = (
				865F308724A7582800015472 /* Base */,
			);
			name = LaunchScreen.storyboard;
			sourceTree = "<group>";
		};
/* End PBXVariantGroup section */

/* Begin XCBuildConfiguration section */
		865F308A24A7582800015472 /* Debug */ = {
			isa = XCBuildConfiguration;
			buildSettings = {
				ALWAYS_SEARCH_USER_PATHS = NO;
				CLANG_ANALYZER_NONNULL = YES;
				CLANG_ANALYZER_NUMBER_OBJECT_CONVERSION = YES_AGGRESSIVE;
				CLANG_CXX_LANGUAGE_STANDARD = "gnu++14";
				CLANG_CXX_LIBRARY = "libc++";
				CLANG_ENABLE_MODULES = YES;
				CLANG_ENABLE_OBJC_ARC = YES;
				CLANG_ENABLE_OBJC_WEAK = YES;
				CLANG_WARN_BLOCK_CAPTURE_AUTORELEASING = YES;
				CLANG_WARN_BOOL_CONVERSION = YES;
				CLANG_WARN_COMMA = YES;
				CLANG_WARN_CONSTANT_CONVERSION = YES;
				CLANG_WARN_DEPRECATED_OBJC_IMPLEMENTATIONS = YES;
				CLANG_WARN_DIRECT_OBJC_ISA_USAGE = YES_ERROR;
				CLANG_WARN_DOCUMENTATION_COMMENTS = YES;
				CLANG_WARN_EMPTY_BODY = YES;
				CLANG_WARN_ENUM_CONVERSION = YES;
				CLANG_WARN_INFINITE_RECURSION = YES;
				CLANG_WARN_INT_CONVERSION = YES;
				CLANG_WARN_NON_LITERAL_NULL_CONVERSION = YES;
				CLANG_WARN_OBJC_IMPLICIT_RETAIN_SELF = YES;
				CLANG_WARN_OBJC_LITERAL_CONVERSION = YES;
				CLANG_WARN_OBJC_ROOT_CLASS = YES_ERROR;
				CLANG_WARN_RANGE_LOOP_ANALYSIS = YES;
				CLANG_WARN_STRICT_PROTOTYPES = YES;
				CLANG_WARN_SUSPICIOUS_MOVE = YES;
				CLANG_WARN_UNGUARDED_AVAILABILITY = YES_AGGRESSIVE;
				CLANG_WARN_UNREACHABLE_CODE = YES;
				CLANG_WARN__DUPLICATE_METHOD_MATCH = YES;
				COPY_PHASE_STRIP = NO;
				DEBUG_INFORMATION_FORMAT = dwarf;
				ENABLE_STRICT_OBJC_MSGSEND = YES;
				ENABLE_TESTABILITY = YES;
				GCC_C_LANGUAGE_STANDARD = gnu11;
				GCC_DYNAMIC_NO_PIC = NO;
				GCC_NO_COMMON_BLOCKS = YES;
				GCC_OPTIMIZATION_LEVEL = 0;
				GCC_PREPROCESSOR_DEFINITIONS = (
					"DEBUG=1",
					"$(inherited)",
				);
				GCC_WARN_64_TO_32_BIT_CONVERSION = YES;
				GCC_WARN_ABOUT_RETURN_TYPE = YES_ERROR;
				GCC_WARN_UNDECLARED_SELECTOR = YES;
				GCC_WARN_UNINITIALIZED_AUTOS = YES_AGGRESSIVE;
				GCC_WARN_UNUSED_FUNCTION = YES;
				GCC_WARN_UNUSED_VARIABLE = YES;
				IPHONEOS_DEPLOYMENT_TARGET = 13.5;
				MTL_ENABLE_DEBUG_INFO = INCLUDE_SOURCE;
				MTL_FAST_MATH = YES;
				ONLY_ACTIVE_ARCH = YES;
				SDKROOT = iphoneos;
				SWIFT_ACTIVE_COMPILATION_CONDITIONS = DEBUG;
				SWIFT_OPTIMIZATION_LEVEL = "-Onone";
			};
			name = Debug;
		};
		865F308B24A7582800015472 /* Release */ = {
			isa = XCBuildConfiguration;
			buildSettings = {
				ALWAYS_SEARCH_USER_PATHS = NO;
				CLANG_ANALYZER_NONNULL = YES;
				CLANG_ANALYZER_NUMBER_OBJECT_CONVERSION = YES_AGGRESSIVE;
				CLANG_CXX_LANGUAGE_STANDARD = "gnu++14";
				CLANG_CXX_LIBRARY = "libc++";
				CLANG_ENABLE_MODULES = YES;
				CLANG_ENABLE_OBJC_ARC = YES;
				CLANG_ENABLE_OBJC_WEAK = YES;
				CLANG_WARN_BLOCK_CAPTURE_AUTORELEASING = YES;
				CLANG_WARN_BOOL_CONVERSION = YES;
				CLANG_WARN_COMMA = YES;
				CLANG_WARN_CONSTANT_CONVERSION = YES;
				CLANG_WARN_DEPRECATED_OBJC_IMPLEMENTATIONS = YES;
				CLANG_WARN_DIRECT_OBJC_ISA_USAGE = YES_ERROR;
				CLANG_WARN_DOCUMENTATION_COMMENTS = YES;
				CLANG_WARN_EMPTY_BODY = YES;
				CLANG_WARN_ENUM_CONVERSION = YES;
				CLANG_WARN_INFINITE_RECURSION = YES;
				CLANG_WARN_INT_CONVERSION = YES;
				CLANG_WARN_NON_LITERAL_NULL_CONVERSION = YES;
				CLANG_WARN_OBJC_IMPLICIT_RETAIN_SELF = YES;
				CLANG_WARN_OBJC_LITERAL_CONVERSION = YES;
				CLANG_WARN_OBJC_ROOT_CLASS = YES_ERROR;
				CLANG_WARN_RANGE_LOOP_ANALYSIS = YES;
				CLANG_WARN_STRICT_PROTOTYPES = YES;
				CLANG_WARN_SUSPICIOUS_MOVE = YES;
				CLANG_WARN_UNGUARDED_AVAILABILITY = YES_AGGRESSIVE;
				CLANG_WARN_UNREACHABLE_CODE = YES;
				CLANG_WARN__DUPLICATE_METHOD_MATCH = YES;
				COPY_PHASE_STRIP = NO;
				DEBUG_INFORMATION_FORMAT = "dwarf-with-dsym";
				ENABLE_NS_ASSERTIONS = NO;
				ENABLE_STRICT_OBJC_MSGSEND = YES;
				GCC_C_LANGUAGE_STANDARD = gnu11;
				GCC_NO_COMMON_BLOCKS = YES;
				GCC_WARN_64_TO_32_BIT_CONVERSION = YES;
				GCC_WARN_ABOUT_RETURN_TYPE = YES_ERROR;
				GCC_WARN_UNDECLARED_SELECTOR = YES;
				GCC_WARN_UNINITIALIZED_AUTOS = YES_AGGRESSIVE;
				GCC_WARN_UNUSED_FUNCTION = YES;
				GCC_WARN_UNUSED_VARIABLE = YES;
				IPHONEOS_DEPLOYMENT_TARGET = 13.5;
				MTL_ENABLE_DEBUG_INFO = NO;
				MTL_FAST_MATH = YES;
				SDKROOT = iphoneos;
				SWIFT_COMPILATION_MODE = wholemodule;
				SWIFT_OPTIMIZATION_LEVEL = "-O";
				VALIDATE_PRODUCT = YES;
			};
			name = Release;
		};
		865F308D24A7582800015472 /* Debug */ = {
			isa = XCBuildConfiguration;
			buildSettings = {
				ASSETCATALOG_COMPILER_APPICON_NAME = AppIcon;
				CODE_SIGN_STYLE = Automatic;
				DEVELOPMENT_TEAM = D28YKYJC2T;
				INFOPLIST_FILE = YoutubeClient/SupportingFiles/Info.plist;
				LD_RUNPATH_SEARCH_PATHS = (
					"$(inherited)",
					"@executable_path/Frameworks",
				);
				PRODUCT_BUNDLE_IDENTIFIER = ru.vladislavcheremisov.YoutubeClient;
				PRODUCT_NAME = "$(TARGET_NAME)";
				SWIFT_VERSION = 5.0;
				TARGETED_DEVICE_FAMILY = "1,2";
			};
			name = Debug;
		};
		865F308E24A7582800015472 /* Release */ = {
			isa = XCBuildConfiguration;
			buildSettings = {
				ASSETCATALOG_COMPILER_APPICON_NAME = AppIcon;
				CODE_SIGN_STYLE = Automatic;
				DEVELOPMENT_TEAM = D28YKYJC2T;
				INFOPLIST_FILE = YoutubeClient/SupportingFiles/Info.plist;
				LD_RUNPATH_SEARCH_PATHS = (
					"$(inherited)",
					"@executable_path/Frameworks",
				);
				PRODUCT_BUNDLE_IDENTIFIER = ru.vladislavcheremisov.YoutubeClient;
				PRODUCT_NAME = "$(TARGET_NAME)";
				SWIFT_VERSION = 5.0;
				TARGETED_DEVICE_FAMILY = "1,2";
			};
			name = Release;
		};
/* End XCBuildConfiguration section */

/* Begin XCConfigurationList section */
		865F307324A7582700015472 /* Build configuration list for PBXProject "YoutubeClient" */ = {
			isa = XCConfigurationList;
			buildConfigurations = (
				865F308A24A7582800015472 /* Debug */,
				865F308B24A7582800015472 /* Release */,
			);
			defaultConfigurationIsVisible = 0;
			defaultConfigurationName = Release;
		};
		865F308C24A7582800015472 /* Build configuration list for PBXNativeTarget "YoutubeClient" */ = {
			isa = XCConfigurationList;
			buildConfigurations = (
				865F308D24A7582800015472 /* Debug */,
				865F308E24A7582800015472 /* Release */,
			);
			defaultConfigurationIsVisible = 0;
			defaultConfigurationName = Release;
		};
/* End XCConfigurationList section */
	};
	rootObject = 865F307024A7582700015472 /* Project object */;
}
